
Microsoft Visual Studio Solution File, Format Version 12.00
# Visual Studio Version 16
VisualStudioVersion = 16.0.28922.388
MinimumVisualStudioVersion = 10.0.40219.1
Project("{FAE04EC0-301F-11D3-BF4B-00C04F79EFBC}") = "MtrConsumer", "mtr_app\MtrConsumer.csproj", "{A062F24F-9480-44D5-8AE7-BA7D21AE02CC}"
	ProjectSection(ProjectDependencies) = postProject
		{154FCF89-7877-4902-B142-1DEAF36AF357} = {154FCF89-7877-4902-B142-1DEAF36AF357}
	EndProjectSection
EndProject
Project("{FAE04EC0-301F-11D3-BF4B-00C04F79EFBC}") = "MtrServices", "MtrWebServices\MtrServices.csproj", "{154FCF89-7877-4902-B142-1DEAF36AF357}"
EndProject
Global
	GlobalSection(SolutionConfigurationPlatforms) = preSolution
		Debug|Any CPU = Debug|Any CPU
		Release|Any CPU = Release|Any CPU
	EndGlobalSection
	GlobalSection(ProjectConfigurationPlatforms) = postSolution
		{A062F24F-9480-44D5-8AE7-BA7D21AE02CC}.Debug|Any CPU.ActiveCfg = Debug|Any CPU
		{A062F24F-9480-44D5-8AE7-BA7D21AE02CC}.Debug|Any CPU.Build.0 = Debug|Any CPU
		{A062F24F-9480-44D5-8AE7-BA7D21AE02CC}.Release|Any CPU.ActiveCfg = Release|Any CPU
		{A062F24F-9480-44D5-8AE7-BA7D21AE02CC}.Release|Any CPU.Build.0 = Release|Any CPU
		{154FCF89-7877-4902-B142-1DEAF36AF357}.Debug|Any CPU.ActiveCfg = Debug|Any CPU
		{154FCF89-7877-4902-B142-1DEAF36AF357}.Debug|Any CPU.Build.0 = Debug|Any CPU
		{154FCF89-7877-4902-B142-1DEAF36AF357}.Release|Any CPU.ActiveCfg = Release|Any CPU
		{154FCF89-7877-4902-B142-1DEAF36AF357}.Release|Any CPU.Build.0 = Release|Any CPU
	EndGlobalSection
	GlobalSection(SolutionProperties) = preSolution
		HideSolutionNode = FALSE
	EndGlobalSection
	GlobalSection(ExtensibilityGlobals) = postSolution
		SolutionGuid = {DF45E811-06FD-438F-B4F6-FD9A43C4F2D3}
	EndGlobalSection
EndGlobal
